// !$*UTF8*$!
{
	archiveVersion = 1;
	classes = {
	};
	objectVersion = 55;
	objects = {

/* Begin PBXBuildFile section */
		76270ED5288558AE00F5623D /* AppDelegate.swift in Sources */ = {isa = PBXBuildFile; fileRef = 76270ED4288558AE00F5623D /* AppDelegate.swift */; };
		76270ED7288558AE00F5623D /* SceneDelegate.swift in Sources */ = {isa = PBXBuildFile; fileRef = 76270ED6288558AE00F5623D /* SceneDelegate.swift */; };
		76270EDC288558AE00F5623D /* Main.storyboard in Resources */ = {isa = PBXBuildFile; fileRef = 76270EDA288558AE00F5623D /* Main.storyboard */; };
		76270EDF288558AE00F5623D /* StorybordPost.xcdatamodeld in Sources */ = {isa = PBXBuildFile; fileRef = 76270EDD288558AE00F5623D /* StorybordPost.xcdatamodeld */; };
		76270EE1288558AF00F5623D /* Assets.xcassets in Resources */ = {isa = PBXBuildFile; fileRef = 76270EE0288558AF00F5623D /* Assets.xcassets */; };
		76270EE4288558AF00F5623D /* LaunchScreen.storyboard in Resources */ = {isa = PBXBuildFile; fileRef = 76270EE2288558AF00F5623D /* LaunchScreen.storyboard */; };
		76270EEF288558AF00F5623D /* StorybordPostTests.swift in Sources */ = {isa = PBXBuildFile; fileRef = 76270EEE288558AF00F5623D /* StorybordPostTests.swift */; };
		76270EF9288558AF00F5623D /* StorybordPostUITests.swift in Sources */ = {isa = PBXBuildFile; fileRef = 76270EF8288558AF00F5623D /* StorybordPostUITests.swift */; };
		76270EFB288558AF00F5623D /* StorybordPostUITestsLaunchTests.swift in Sources */ = {isa = PBXBuildFile; fileRef = 76270EFA288558AF00F5623D /* StorybordPostUITestsLaunchTests.swift */; };
		76270F0B288558FC00F5623D /* HomeViewController.swift in Sources */ = {isa = PBXBuildFile; fileRef = 76270F09288558FC00F5623D /* HomeViewController.swift */; };
		76270F0C288558FC00F5623D /* HomeViewController.xib in Resources */ = {isa = PBXBuildFile; fileRef = 76270F0A288558FC00F5623D /* HomeViewController.xib */; };
		76270F0F2885BC8B00F5623D /* CreateViewController.swift in Sources */ = {isa = PBXBuildFile; fileRef = 76270F0D2885BC8B00F5623D /* CreateViewController.swift */; };
		76270F102885BC8B00F5623D /* CreateViewController.xib in Resources */ = {isa = PBXBuildFile; fileRef = 76270F0E2885BC8B00F5623D /* CreateViewController.xib */; };
		76270F132885BCB400F5623D /* EditViewController.swift in Sources */ = {isa = PBXBuildFile; fileRef = 76270F112885BCB400F5623D /* EditViewController.swift */; };
		76270F142885BCB400F5623D /* EditViewController.xib in Resources */ = {isa = PBXBuildFile; fileRef = 76270F122885BCB400F5623D /* EditViewController.xib */; };
		76270F162885BDB000F5623D /* BaseViewController.swift in Sources */ = {isa = PBXBuildFile; fileRef = 76270F152885BDB000F5623D /* BaseViewController.swift */; };
		76270F192885BF2800F5623D /* Post.swift in Sources */ = {isa = PBXBuildFile; fileRef = 76270F182885BF2800F5623D /* Post.swift */; };
		76270F1D2885C17A00F5623D /* PostTableViewCell.swift in Sources */ = {isa = PBXBuildFile; fileRef = 76270F1B2885C17A00F5623D /* PostTableViewCell.swift */; };
		76270F1E2885C17A00F5623D /* PostTableViewCell.xib in Resources */ = {isa = PBXBuildFile; fileRef = 76270F1C2885C17A00F5623D /* PostTableViewCell.xib */; };
		7640AB142886D3C70031D034 /* Alamofire in Frameworks */ = {isa = PBXBuildFile; productRef = 7640AB132886D3C70031D034 /* Alamofire */; };
		7640AB172886D3E00031D034 /* Network.swift in Sources */ = {isa = PBXBuildFile; fileRef = 7640AB162886D3E00031D034 /* Network.swift */; };
		7640AB1A2886D48A0031D034 /* JGProgressHUD in Frameworks */ = {isa = PBXBuildFile; productRef = 7640AB192886D48A0031D034 /* JGProgressHUD */; };
		768C211928A11DD600095522 /* HomeRouting.swift in Sources */ = {isa = PBXBuildFile; fileRef = 768C211828A11DD600095522 /* HomeRouting.swift */; };
		768C211B28A11DE700095522 /* HomePresenter.swift in Sources */ = {isa = PBXBuildFile; fileRef = 768C211A28A11DE700095522 /* HomePresenter.swift */; };
		768C211D28A11E0600095522 /* HomeInteractor.swift in Sources */ = {isa = PBXBuildFile; fileRef = 768C211C28A11E0600095522 /* HomeInteractor.swift */; };
		768C211F28A1EB5100095522 /* HttpManager.swift in Sources */ = {isa = PBXBuildFile; fileRef = 768C211E28A1EB5100095522 /* HttpManager.swift */; };
		768C212128A2204100095522 /* CreateRouting.swift in Sources */ = {isa = PBXBuildFile; fileRef = 768C212028A2204100095522 /* CreateRouting.swift */; };
		768C212328A2205100095522 /* CreatePresenter.swift in Sources */ = {isa = PBXBuildFile; fileRef = 768C212228A2205100095522 /* CreatePresenter.swift */; };
		768C212528A2205E00095522 /* CreateInteractor.swift in Sources */ = {isa = PBXBuildFile; fileRef = 768C212428A2205E00095522 /* CreateInteractor.swift */; };
/* End PBXBuildFile section */

/* Begin PBXContainerItemProxy section */
		76270EEB288558AF00F5623D /* PBXContainerItemProxy */ = {
			isa = PBXContainerItemProxy;
			containerPortal = 76270EC9288558AE00F5623D /* Project object */;
			proxyType = 1;
			remoteGlobalIDString = 76270ED0288558AE00F5623D;
			remoteInfo = StorybordPost;
		};
		76270EF5288558AF00F5623D /* PBXContainerItemProxy */ = {
			isa = PBXContainerItemProxy;
			containerPortal = 76270EC9288558AE00F5623D /* Project object */;
			proxyType = 1;
			remoteGlobalIDString = 76270ED0288558AE00F5623D;
			remoteInfo = StorybordPost;
		};
/* End PBXContainerItemProxy section */

/* Begin PBXFileReference section */
		76270ED1288558AE00F5623D /* StorybordPost.app */ = {isa = PBXFileReference; explicitFileType = wrapper.application; includeInIndex = 0; path = StorybordPost.app; sourceTree = BUILT_PRODUCTS_DIR; };
		76270ED4288558AE00F5623D /* AppDelegate.swift */ = {isa = PBXFileReference; lastKnownFileType = sourcecode.swift; path = AppDelegate.swift; sourceTree = "<group>"; };
		76270ED6288558AE00F5623D /* SceneDelegate.swift */ = {isa = PBXFileReference; lastKnownFileType = sourcecode.swift; path = SceneDelegate.swift; sourceTree = "<group>"; };
		76270EDB288558AE00F5623D /* Base */ = {isa = PBXFileReference; lastKnownFileType = file.storyboard; name = Base; path = Base.lproj/Main.storyboard; sourceTree = "<group>"; };
		76270EDE288558AE00F5623D /* StorybordPost.xcdatamodel */ = {isa = PBXFileReference; lastKnownFileType = wrapper.xcdatamodel; path = StorybordPost.xcdatamodel; sourceTree = "<group>"; };
		76270EE0288558AF00F5623D /* Assets.xcassets */ = {isa = PBXFileReference; lastKnownFileType = folder.assetcatalog; path = Assets.xcassets; sourceTree = "<group>"; };
		76270EE3288558AF00F5623D /* Base */ = {isa = PBXFileReference; lastKnownFileType = file.storyboard; name = Base; path = Base.lproj/LaunchScreen.storyboard; sourceTree = "<group>"; };
		76270EE5288558AF00F5623D /* Info.plist */ = {isa = PBXFileReference; lastKnownFileType = text.plist.xml; path = Info.plist; sourceTree = "<group>"; };
		76270EEA288558AF00F5623D /* StorybordPostTests.xctest */ = {isa = PBXFileReference; explicitFileType = wrapper.cfbundle; includeInIndex = 0; path = StorybordPostTests.xctest; sourceTree = BUILT_PRODUCTS_DIR; };
		76270EEE288558AF00F5623D /* StorybordPostTests.swift */ = {isa = PBXFileReference; lastKnownFileType = sourcecode.swift; path = StorybordPostTests.swift; sourceTree = "<group>"; };
		76270EF4288558AF00F5623D /* StorybordPostUITests.xctest */ = {isa = PBXFileReference; explicitFileType = wrapper.cfbundle; includeInIndex = 0; path = StorybordPostUITests.xctest; sourceTree = BUILT_PRODUCTS_DIR; };
		76270EF8288558AF00F5623D /* StorybordPostUITests.swift */ = {isa = PBXFileReference; lastKnownFileType = sourcecode.swift; path = StorybordPostUITests.swift; sourceTree = "<group>"; };
		76270EFA288558AF00F5623D /* StorybordPostUITestsLaunchTests.swift */ = {isa = PBXFileReference; lastKnownFileType = sourcecode.swift; path = StorybordPostUITestsLaunchTests.swift; sourceTree = "<group>"; };
		76270F09288558FC00F5623D /* HomeViewController.swift */ = {isa = PBXFileReference; lastKnownFileType = sourcecode.swift; path = HomeViewController.swift; sourceTree = "<group>"; };
		76270F0A288558FC00F5623D /* HomeViewController.xib */ = {isa = PBXFileReference; lastKnownFileType = file.xib; path = HomeViewController.xib; sourceTree = "<group>"; };
		76270F0D2885BC8B00F5623D /* CreateViewController.swift */ = {isa = PBXFileReference; lastKnownFileType = sourcecode.swift; path = CreateViewController.swift; sourceTree = "<group>"; };
		76270F0E2885BC8B00F5623D /* CreateViewController.xib */ = {isa = PBXFileReference; lastKnownFileType = file.xib; path = CreateViewController.xib; sourceTree = "<group>"; };
		76270F112885BCB400F5623D /* EditViewController.swift */ = {isa = PBXFileReference; lastKnownFileType = sourcecode.swift; path = EditViewController.swift; sourceTree = "<group>"; };
		76270F122885BCB400F5623D /* EditViewController.xib */ = {isa = PBXFileReference; lastKnownFileType = file.xib; path = EditViewController.xib; sourceTree = "<group>"; };
		76270F152885BDB000F5623D /* BaseViewController.swift */ = {isa = PBXFileReference; lastKnownFileType = sourcecode.swift; path = BaseViewController.swift; sourceTree = "<group>"; };
		76270F182885BF2800F5623D /* Post.swift */ = {isa = PBXFileReference; lastKnownFileType = sourcecode.swift; path = Post.swift; sourceTree = "<group>"; };
		76270F1B2885C17A00F5623D /* PostTableViewCell.swift */ = {isa = PBXFileReference; lastKnownFileType = sourcecode.swift; path = PostTableViewCell.swift; sourceTree = "<group>"; };
		76270F1C2885C17A00F5623D /* PostTableViewCell.xib */ = {isa = PBXFileReference; lastKnownFileType = file.xib; path = PostTableViewCell.xib; sourceTree = "<group>"; };
		7640AB162886D3E00031D034 /* Network.swift */ = {isa = PBXFileReference; lastKnownFileType = sourcecode.swift; path = Network.swift; sourceTree = "<group>"; };
		768C211828A11DD600095522 /* HomeRouting.swift */ = {isa = PBXFileReference; lastKnownFileType = sourcecode.swift; path = HomeRouting.swift; sourceTree = "<group>"; };
		768C211A28A11DE700095522 /* HomePresenter.swift */ = {isa = PBXFileReference; lastKnownFileType = sourcecode.swift; path = HomePresenter.swift; sourceTree = "<group>"; };
		768C211C28A11E0600095522 /* HomeInteractor.swift */ = {isa = PBXFileReference; lastKnownFileType = sourcecode.swift; path = HomeInteractor.swift; sourceTree = "<group>"; };
		768C211E28A1EB5100095522 /* HttpManager.swift */ = {isa = PBXFileReference; lastKnownFileType = sourcecode.swift; path = HttpManager.swift; sourceTree = "<group>"; };
		768C212028A2204100095522 /* CreateRouting.swift */ = {isa = PBXFileReference; lastKnownFileType = sourcecode.swift; path = CreateRouting.swift; sourceTree = "<group>"; };
		768C212228A2205100095522 /* CreatePresenter.swift */ = {isa = PBXFileReference; lastKnownFileType = sourcecode.swift; path = CreatePresenter.swift; sourceTree = "<group>"; };
		768C212428A2205E00095522 /* CreateInteractor.swift */ = {isa = PBXFileReference; lastKnownFileType = sourcecode.swift; path = CreateInteractor.swift; sourceTree = "<group>"; };
/* End PBXFileReference section */

/* Begin PBXFrameworksBuildPhase section */
		76270ECE288558AE00F5623D /* Frameworks */ = {
			isa = PBXFrameworksBuildPhase;
			buildActionMask = 2147483647;
			files = (
				7640AB1A2886D48A0031D034 /* JGProgressHUD in Frameworks */,
				7640AB142886D3C70031D034 /* Alamofire in Frameworks */,
			);
			runOnlyForDeploymentPostprocessing = 0;
		};
		76270EE7288558AF00F5623D /* Frameworks */ = {
			isa = PBXFrameworksBuildPhase;
			buildActionMask = 2147483647;
			files = (
			);
			runOnlyForDeploymentPostprocessing = 0;
		};
		76270EF1288558AF00F5623D /* Frameworks */ = {
			isa = PBXFrameworksBuildPhase;
			buildActionMask = 2147483647;
			files = (
			);
			runOnlyForDeploymentPostprocessing = 0;
		};
/* End PBXFrameworksBuildPhase section */

/* Begin PBXGroup section */
		76270EC8288558AE00F5623D = {
			isa = PBXGroup;
			children = (
				76270ED3288558AE00F5623D /* StorybordPost */,
				76270EED288558AF00F5623D /* StorybordPostTests */,
				76270EF7288558AF00F5623D /* StorybordPostUITests */,
				76270ED2288558AE00F5623D /* Products */,
			);
			sourceTree = "<group>";
		};
		76270ED2288558AE00F5623D /* Products */ = {
			isa = PBXGroup;
			children = (
				76270ED1288558AE00F5623D /* StorybordPost.app */,
				76270EEA288558AF00F5623D /* StorybordPostTests.xctest */,
				76270EF4288558AF00F5623D /* StorybordPostUITests.xctest */,
			);
			name = Products;
			sourceTree = "<group>";
		};
		76270ED3288558AE00F5623D /* StorybordPost */ = {
			isa = PBXGroup;
			children = (
				76270F07288558B600F5623D /* controllers */,
				76270F1A2885C16200F5623D /* cell */,
				76270F172885BF1D00F5623D /* model */,
				7640AB152886D3D30031D034 /* networking */,
				76270ED4288558AE00F5623D /* AppDelegate.swift */,
				76270ED6288558AE00F5623D /* SceneDelegate.swift */,
				76270F08288558CE00F5623D /* apputils */,
				76270EE5288558AF00F5623D /* Info.plist */,
				76270EDD288558AE00F5623D /* StorybordPost.xcdatamodeld */,
			);
			path = StorybordPost;
			sourceTree = "<group>";
		};
		76270EED288558AF00F5623D /* StorybordPostTests */ = {
			isa = PBXGroup;
			children = (
				76270EEE288558AF00F5623D /* StorybordPostTests.swift */,
			);
			path = StorybordPostTests;
			sourceTree = "<group>";
		};
		76270EF7288558AF00F5623D /* StorybordPostUITests */ = {
			isa = PBXGroup;
			children = (
				76270EF8288558AF00F5623D /* StorybordPostUITests.swift */,
				76270EFA288558AF00F5623D /* StorybordPostUITestsLaunchTests.swift */,
			);
			path = StorybordPostUITests;
			sourceTree = "<group>";
		};
		76270F07288558B600F5623D /* controllers */ = {
			isa = PBXGroup;
			children = (
				76270F152885BDB000F5623D /* BaseViewController.swift */,
				768C211528A11D7500095522 /* home */,
				768C211728A11D8500095522 /* create */,
				768C211628A11D7F00095522 /* edit */,
			);
			path = controllers;
			sourceTree = "<group>";
		};
		76270F08288558CE00F5623D /* apputils */ = {
			isa = PBXGroup;
			children = (
				76270EE2288558AF00F5623D /* LaunchScreen.storyboard */,
				76270EE0288558AF00F5623D /* Assets.xcassets */,
				76270EDA288558AE00F5623D /* Main.storyboard */,
			);
			path = apputils;
			sourceTree = "<group>";
		};
		76270F172885BF1D00F5623D /* model */ = {
			isa = PBXGroup;
			children = (
				76270F182885BF2800F5623D /* Post.swift */,
			);
			path = model;
			sourceTree = "<group>";
		};
		76270F1A2885C16200F5623D /* cell */ = {
			isa = PBXGroup;
			children = (
				76270F1B2885C17A00F5623D /* PostTableViewCell.swift */,
				76270F1C2885C17A00F5623D /* PostTableViewCell.xib */,
			);
			path = cell;
			sourceTree = "<group>";
		};
		7640AB152886D3D30031D034 /* networking */ = {
			isa = PBXGroup;
			children = (
				7640AB162886D3E00031D034 /* Network.swift */,
				768C211E28A1EB5100095522 /* HttpManager.swift */,
			);
			path = networking;
			sourceTree = "<group>";
		};
		768C211528A11D7500095522 /* home */ = {
			isa = PBXGroup;
			children = (
				76270F0A288558FC00F5623D /* HomeViewController.xib */,
				76270F09288558FC00F5623D /* HomeViewController.swift */,
				768C211828A11DD600095522 /* HomeRouting.swift */,
				768C211A28A11DE700095522 /* HomePresenter.swift */,
				768C211C28A11E0600095522 /* HomeInteractor.swift */,
			);
			path = home;
			sourceTree = "<group>";
		};
		768C211628A11D7F00095522 /* edit */ = {
			isa = PBXGroup;
			children = (
				76270F112885BCB400F5623D /* EditViewController.swift */,
				76270F122885BCB400F5623D /* EditViewController.xib */,
			);
			path = edit;
			sourceTree = "<group>";
		};
		768C211728A11D8500095522 /* create */ = {
			isa = PBXGroup;
			children = (
				76270F0E2885BC8B00F5623D /* CreateViewController.xib */,
				76270F0D2885BC8B00F5623D /* CreateViewController.swift */,
				768C212028A2204100095522 /* CreateRouting.swift */,
				768C212228A2205100095522 /* CreatePresenter.swift */,
				768C212428A2205E00095522 /* CreateInteractor.swift */,
			);
			path = create;
			sourceTree = "<group>";
		};
/* End PBXGroup section */

/* Begin PBXNativeTarget section */
		76270ED0288558AE00F5623D /* StorybordPost */ = {
			isa = PBXNativeTarget;
			buildConfigurationList = 76270EFE288558AF00F5623D /* Build configuration list for PBXNativeTarget "StorybordPost" */;
			buildPhases = (
				76270ECD288558AE00F5623D /* Sources */,
				76270ECE288558AE00F5623D /* Frameworks */,
				76270ECF288558AE00F5623D /* Resources */,
			);
			buildRules = (
			);
			dependencies = (
			);
			name = StorybordPost;
			packageProductDependencies = (
				7640AB132886D3C70031D034 /* Alamofire */,
				7640AB192886D48A0031D034 /* JGProgressHUD */,
			);
			productName = StorybordPost;
			productReference = 76270ED1288558AE00F5623D /* StorybordPost.app */;
			productType = "com.apple.product-type.application";
		};
		76270EE9288558AF00F5623D /* StorybordPostTests */ = {
			isa = PBXNativeTarget;
			buildConfigurationList = 76270F01288558AF00F5623D /* Build configuration list for PBXNativeTarget "StorybordPostTests" */;
			buildPhases = (
				76270EE6288558AF00F5623D /* Sources */,
				76270EE7288558AF00F5623D /* Frameworks */,
				76270EE8288558AF00F5623D /* Resources */,
			);
			buildRules = (
			);
			dependencies = (
				76270EEC288558AF00F5623D /* PBXTargetDependency */,
			);
			name = StorybordPostTests;
			productName = StorybordPostTests;
			productReference = 76270EEA288558AF00F5623D /* StorybordPostTests.xctest */;
			productType = "com.apple.product-type.bundle.unit-test";
		};
		76270EF3288558AF00F5623D /* StorybordPostUITests */ = {
			isa = PBXNativeTarget;
			buildConfigurationList = 76270F04288558AF00F5623D /* Build configuration list for PBXNativeTarget "StorybordPostUITests" */;
			buildPhases = (
				76270EF0288558AF00F5623D /* Sources */,
				76270EF1288558AF00F5623D /* Frameworks */,
				76270EF2288558AF00F5623D /* Resources */,
			);
			buildRules = (
			);
			dependencies = (
				76270EF6288558AF00F5623D /* PBXTargetDependency */,
			);
			name = StorybordPostUITests;
			productName = StorybordPostUITests;
			productReference = 76270EF4288558AF00F5623D /* StorybordPostUITests.xctest */;
			productType = "com.apple.product-type.bundle.ui-testing";
		};
/* End PBXNativeTarget section */

/* Begin PBXProject section */
		76270EC9288558AE00F5623D /* Project object */ = {
			isa = PBXProject;
			attributes = {
				BuildIndependentTargetsInParallel = 1;
				LastSwiftUpdateCheck = 1340;
				LastUpgradeCheck = 1340;
				TargetAttributes = {
					76270ED0288558AE00F5623D = {
						CreatedOnToolsVersion = 13.4.1;
					};
					76270EE9288558AF00F5623D = {
						CreatedOnToolsVersion = 13.4.1;
						TestTargetID = 76270ED0288558AE00F5623D;
					};
					76270EF3288558AF00F5623D = {
						CreatedOnToolsVersion = 13.4.1;
						TestTargetID = 76270ED0288558AE00F5623D;
					};
				};
			};
			buildConfigurationList = 76270ECC288558AE00F5623D /* Build configuration list for PBXProject "StorybordPost" */;
			compatibilityVersion = "Xcode 13.0";
			developmentRegion = en;
			hasScannedForEncodings = 0;
			knownRegions = (
				en,
				Base,
			);
			mainGroup = 76270EC8288558AE00F5623D;
			packageReferences = (
				7640AB122886D3C70031D034 /* XCRemoteSwiftPackageReference "Alamofire" */,
				7640AB182886D48A0031D034 /* XCRemoteSwiftPackageReference "JGProgressHUD" */,
			);
			productRefGroup = 76270ED2288558AE00F5623D /* Products */;
			projectDirPath = "";
			projectRoot = "";
			targets = (
				76270ED0288558AE00F5623D /* StorybordPost */,
				76270EE9288558AF00F5623D /* StorybordPostTests */,
				76270EF3288558AF00F5623D /* StorybordPostUITests */,
			);
		};
/* End PBXProject section */

/* Begin PBXResourcesBuildPhase section */
		76270ECF288558AE00F5623D /* Resources */ = {
			isa = PBXResourcesBuildPhase;
			buildActionMask = 2147483647;
			files = (
				76270F142885BCB400F5623D /* EditViewController.xib in Resources */,
				76270EE4288558AF00F5623D /* LaunchScreen.storyboard in Resources */,
				76270F102885BC8B00F5623D /* CreateViewController.xib in Resources */,
				76270EE1288558AF00F5623D /* Assets.xcassets in Resources */,
				76270F1E2885C17A00F5623D /* PostTableViewCell.xib in Resources */,
				76270EDC288558AE00F5623D /* Main.storyboard in Resources */,
				76270F0C288558FC00F5623D /* HomeViewController.xib in Resources */,
			);
			runOnlyForDeploymentPostprocessing = 0;
		};
		76270EE8288558AF00F5623D /* Resources */ = {
			isa = PBXResourcesBuildPhase;
			buildActionMask = 2147483647;
			files = (
			);
			runOnlyForDeploymentPostprocessing = 0;
		};
		76270EF2288558AF00F5623D /* Resources */ = {
			isa = PBXResourcesBuildPhase;
			buildActionMask = 2147483647;
			files = (
			);
			runOnlyForDeploymentPostprocessing = 0;
		};
/* End PBXResourcesBuildPhase section */

/* Begin PBXSourcesBuildPhase section */
		76270ECD288558AE00F5623D /* Sources */ = {
			isa = PBXSourcesBuildPhase;
			buildActionMask = 2147483647;
			files = (
				7640AB172886D3E00031D034 /* Network.swift in Sources */,
				768C211F28A1EB5100095522 /* HttpManager.swift in Sources */,
				768C212128A2204100095522 /* CreateRouting.swift in Sources */,
				768C211928A11DD600095522 /* HomeRouting.swift in Sources */,
				76270F0F2885BC8B00F5623D /* CreateViewController.swift in Sources */,
				768C211B28A11DE700095522 /* HomePresenter.swift in Sources */,
				76270EDF288558AE00F5623D /* StorybordPost.xcdatamodeld in Sources */,
				76270F132885BCB400F5623D /* EditViewController.swift in Sources */,
				76270F192885BF2800F5623D /* Post.swift in Sources */,
				768C211D28A11E0600095522 /* HomeInteractor.swift in Sources */,
				76270ED5288558AE00F5623D /* AppDelegate.swift in Sources */,
				76270ED7288558AE00F5623D /* SceneDelegate.swift in Sources */,
				768C212328A2205100095522 /* CreatePresenter.swift in Sources */,
				76270F162885BDB000F5623D /* BaseViewController.swift in Sources */,
				76270F0B288558FC00F5623D /* HomeViewController.swift in Sources */,
				76270F1D2885C17A00F5623D /* PostTableViewCell.swift in Sources */,
				768C212528A2205E00095522 /* CreateInteractor.swift in Sources */,
			);
			runOnlyForDeploymentPostprocessing = 0;
		};
		76270EE6288558AF00F5623D /* Sources */ = {
			isa = PBXSourcesBuildPhase;
			buildActionMask = 2147483647;
			files = (
				76270EEF288558AF00F5623D /* StorybordPostTests.swift in Sources */,
			);
			runOnlyForDeploymentPostprocessing = 0;
		};
		76270EF0288558AF00F5623D /* Sources */ = {
			isa = PBXSourcesBuildPhase;
			buildActionMask = 2147483647;
			files = (
				76270EF9288558AF00F5623D /* StorybordPostUITests.swift in Sources */,
				76270EFB288558AF00F5623D /* StorybordPostUITestsLaunchTests.swift in Sources */,
			);
			runOnlyForDeploymentPostprocessing = 0;
		};
/* End PBXSourcesBuildPhase section */

/* Begin PBXTargetDependency section */
		76270EEC288558AF00F5623D /* PBXTargetDependency */ = {
			isa = PBXTargetDependency;
			target = 76270ED0288558AE00F5623D /* StorybordPost */;
			targetProxy = 76270EEB288558AF00F5623D /* PBXContainerItemProxy */;
		};
		76270EF6288558AF00F5623D /* PBXTargetDependency */ = {
			isa = PBXTargetDependency;
			target = 76270ED0288558AE00F5623D /* StorybordPost */;
			targetProxy = 76270EF5288558AF00F5623D /* PBXContainerItemProxy */;
		};
/* End PBXTargetDependency section */

/* Begin PBXVariantGroup section */
		76270EDA288558AE00F5623D /* Main.storyboard */ = {
			isa = PBXVariantGroup;
			children = (
				76270EDB288558AE00F5623D /* Base */,
			);
			name = Main.storyboard;
			sourceTree = "<group>";
		};
		76270EE2288558AF00F5623D /* LaunchScreen.storyboard */ = {
			isa = PBXVariantGroup;
			children = (
				76270EE3288558AF00F5623D /* Base */,
			);
			name = LaunchScreen.storyboard;
			sourceTree = "<group>";
		};
/* End PBXVariantGroup section */

/* Begin XCBuildConfiguration section */
		76270EFC288558AF00F5623D /* Debug */ = {
			isa = XCBuildConfiguration;
			buildSettings = {
				ALWAYS_SEARCH_USER_PATHS = NO;
				CLANG_ANALYZER_NONNULL = YES;
				CLANG_ANALYZER_NUMBER_OBJECT_CONVERSION = YES_AGGRESSIVE;
				CLANG_CXX_LANGUAGE_STANDARD = "gnu++17";
				CLANG_ENABLE_MODULES = YES;
				CLANG_ENABLE_OBJC_ARC = YES;
				CLANG_ENABLE_OBJC_WEAK = YES;
				CLANG_WARN_BLOCK_CAPTURE_AUTORELEASING = YES;
				CLANG_WARN_BOOL_CONVERSION = YES;
				CLANG_WARN_COMMA = YES;
				CLANG_WARN_CONSTANT_CONVERSION = YES;
				CLANG_WARN_DEPRECATED_OBJC_IMPLEMENTATIONS = YES;
				CLANG_WARN_DIRECT_OBJC_ISA_USAGE = YES_ERROR;
				CLANG_WARN_DOCUMENTATION_COMMENTS = YES;
				CLANG_WARN_EMPTY_BODY = YES;
				CLANG_WARN_ENUM_CONVERSION = YES;
				CLANG_WARN_INFINITE_RECURSION = YES;
				CLANG_WARN_INT_CONVERSION = YES;
				CLANG_WARN_NON_LITERAL_NULL_CONVERSION = YES;
				CLANG_WARN_OBJC_IMPLICIT_RETAIN_SELF = YES;
				CLANG_WARN_OBJC_LITERAL_CONVERSION = YES;
				CLANG_WARN_OBJC_ROOT_CLASS = YES_ERROR;
				CLANG_WARN_QUOTED_INCLUDE_IN_FRAMEWORK_HEADER = YES;
				CLANG_WARN_RANGE_LOOP_ANALYSIS = YES;
				CLANG_WARN_STRICT_PROTOTYPES = YES;
				CLANG_WARN_SUSPICIOUS_MOVE = YES;
				CLANG_WARN_UNGUARDED_AVAILABILITY = YES_AGGRESSIVE;
				CLANG_WARN_UNREACHABLE_CODE = YES;
				CLANG_WARN__DUPLICATE_METHOD_MATCH = YES;
				COPY_PHASE_STRIP = NO;
				DEBUG_INFORMATION_FORMAT = dwarf;
				ENABLE_STRICT_OBJC_MSGSEND = YES;
				ENABLE_TESTABILITY = YES;
				GCC_C_LANGUAGE_STANDARD = gnu11;
				GCC_DYNAMIC_NO_PIC = NO;
				GCC_NO_COMMON_BLOCKS = YES;
				GCC_OPTIMIZATION_LEVEL = 0;
				GCC_PREPROCESSOR_DEFINITIONS = (
					"DEBUG=1",
					"$(inherited)",
				);
				GCC_WARN_64_TO_32_BIT_CONVERSION = YES;
				GCC_WARN_ABOUT_RETURN_TYPE = YES_ERROR;
				GCC_WARN_UNDECLARED_SELECTOR = YES;
				GCC_WARN_UNINITIALIZED_AUTOS = YES_AGGRESSIVE;
				GCC_WARN_UNUSED_FUNCTION = YES;
				GCC_WARN_UNUSED_VARIABLE = YES;
				IPHONEOS_DEPLOYMENT_TARGET = 15.5;
				MTL_ENABLE_DEBUG_INFO = INCLUDE_SOURCE;
				MTL_FAST_MATH = YES;
				ONLY_ACTIVE_ARCH = YES;
				SDKROOT = iphoneos;
				SWIFT_ACTIVE_COMPILATION_CONDITIONS = DEBUG;
				SWIFT_OPTIMIZATION_LEVEL = "-Onone";
			};
			name = Debug;
		};
		76270EFD288558AF00F5623D /* Release */ = {
			isa = XCBuildConfiguration;
			buildSettings = {
				ALWAYS_SEARCH_USER_PATHS = NO;
				CLANG_ANALYZER_NONNULL = YES;
				CLANG_ANALYZER_NUMBER_OBJECT_CONVERSION = YES_AGGRESSIVE;
				CLANG_CXX_LANGUAGE_STANDARD = "gnu++17";
				CLANG_ENABLE_MODULES = YES;
				CLANG_ENABLE_OBJC_ARC = YES;
				CLANG_ENABLE_OBJC_WEAK = YES;
				CLANG_WARN_BLOCK_CAPTURE_AUTORELEASING = YES;
				CLANG_WARN_BOOL_CONVERSION = YES;
				CLANG_WARN_COMMA = YES;
				CLANG_WARN_CONSTANT_CONVERSION = YES;
				CLANG_WARN_DEPRECATED_OBJC_IMPLEMENTATIONS = YES;
				CLANG_WARN_DIRECT_OBJC_ISA_USAGE = YES_ERROR;
				CLANG_WARN_DOCUMENTATION_COMMENTS = YES;
				CLANG_WARN_EMPTY_BODY = YES;
				CLANG_WARN_ENUM_CONVERSION = YES;
				CLANG_WARN_INFINITE_RECURSION = YES;
				CLANG_WARN_INT_CONVERSION = YES;
				CLANG_WARN_NON_LITERAL_NULL_CONVERSION = YES;
				CLANG_WARN_OBJC_IMPLICIT_RETAIN_SELF = YES;
				CLANG_WARN_OBJC_LITERAL_CONVERSION = YES;
				CLANG_WARN_OBJC_ROOT_CLASS = YES_ERROR;
				CLANG_WARN_QUOTED_INCLUDE_IN_FRAMEWORK_HEADER = YES;
				CLANG_WARN_RANGE_LOOP_ANALYSIS = YES;
				CLANG_WARN_STRICT_PROTOTYPES = YES;
				CLANG_WARN_SUSPICIOUS_MOVE = YES;
				CLANG_WARN_UNGUARDED_AVAILABILITY = YES_AGGRESSIVE;
				CLANG_WARN_UNREACHABLE_CODE = YES;
				CLANG_WARN__DUPLICATE_METHOD_MATCH = YES;
				COPY_PHASE_STRIP = NO;
				DEBUG_INFORMATION_FORMAT = "dwarf-with-dsym";
				ENABLE_NS_ASSERTIONS = NO;
				ENABLE_STRICT_OBJC_MSGSEND = YES;
				GCC_C_LANGUAGE_STANDARD = gnu11;
				GCC_NO_COMMON_BLOCKS = YES;
				GCC_WARN_64_TO_32_BIT_CONVERSION = YES;
				GCC_WARN_ABOUT_RETURN_TYPE = YES_ERROR;
				GCC_WARN_UNDECLARED_SELECTOR = YES;
				GCC_WARN_UNINITIALIZED_AUTOS = YES_AGGRESSIVE;
				GCC_WARN_UNUSED_FUNCTION = YES;
				GCC_WARN_UNUSED_VARIABLE = YES;
				IPHONEOS_DEPLOYMENT_TARGET = 15.5;
				MTL_ENABLE_DEBUG_INFO = NO;
				MTL_FAST_MATH = YES;
				SDKROOT = iphoneos;
				SWIFT_COMPILATION_MODE = wholemodule;
				SWIFT_OPTIMIZATION_LEVEL = "-O";
				VALIDATE_PRODUCT = YES;
			};
			name = Release;
		};
		76270EFF288558AF00F5623D /* Debug */ = {
			isa = XCBuildConfiguration;
			buildSettings = {
				ASSETCATALOG_COMPILER_APPICON_NAME = AppIcon;
				ASSETCATALOG_COMPILER_GLOBAL_ACCENT_COLOR_NAME = AccentColor;
				CODE_SIGN_STYLE = Automatic;
				CURRENT_PROJECT_VERSION = 1;
				GENERATE_INFOPLIST_FILE = YES;
				INFOPLIST_FILE = StorybordPost/Info.plist;
				INFOPLIST_KEY_UIApplicationSupportsIndirectInputEvents = YES;
				INFOPLIST_KEY_UILaunchStoryboardName = LaunchScreen;
				INFOPLIST_KEY_UIMainStoryboardFile = Main;
				INFOPLIST_KEY_UISupportedInterfaceOrientations_iPad = "UIInterfaceOrientationPortrait UIInterfaceOrientationPortraitUpsideDown UIInterfaceOrientationLandscapeLeft UIInterfaceOrientationLandscapeRight";
				INFOPLIST_KEY_UISupportedInterfaceOrientations_iPhone = "UIInterfaceOrientationPortrait UIInterfaceOrientationLandscapeLeft UIInterfaceOrientationLandscapeRight";
				LD_RUNPATH_SEARCH_PATHS = (
					"$(inherited)",
					"@executable_path/Frameworks",
				);
				MARKETING_VERSION = 1.0;
				PRODUCT_BUNDLE_IDENTIFIER = cpp.StorybordPost;
				PRODUCT_NAME = "$(TARGET_NAME)";
				SWIFT_EMIT_LOC_STRINGS = YES;
				SWIFT_VERSION = 5.0;
				TARGETED_DEVICE_FAMILY = "1,2";
			};
			name = Debug;
		};
		76270F00288558AF00F5623D /* Release */ = {
			isa = XCBuildConfiguration;
			buildSettings = {
				ASSETCATALOG_COMPILER_APPICON_NAME = AppIcon;
				ASSETCATALOG_COMPILER_GLOBAL_ACCENT_COLOR_NAME = AccentColor;
				CODE_SIGN_STYLE = Automatic;
				CURRENT_PROJECT_VERSION = 1;
				GENERATE_INFOPLIST_FILE = YES;
				INFOPLIST_FILE = StorybordPost/Info.plist;
				INFOPLIST_KEY_UIApplicationSupportsIndirectInputEvents = YES;
				INFOPLIST_KEY_UILaunchStoryboardName = LaunchScreen;
				INFOPLIST_KEY_UIMainStoryboardFile = Main;
				INFOPLIST_KEY_UISupportedInterfaceOrientations_iPad = "UIInterfaceOrientationPortrait UIInterfaceOrientationPortraitUpsideDown UIInterfaceOrientationLandscapeLeft UIInterfaceOrientationLandscapeRight";
				INFOPLIST_KEY_UISupportedInterfaceOrientations_iPhone = "UIInterfaceOrientationPortrait UIInterfaceOrientationLandscapeLeft UIInterfaceOrientationLandscapeRight";
				LD_RUNPATH_SEARCH_PATHS = (
					"$(inherited)",
					"@executable_path/Frameworks",
				);
				MARKETING_VERSION = 1.0;
				PRODUCT_BUNDLE_IDENTIFIER = cpp.StorybordPost;
				PRODUCT_NAME = "$(TARGET_NAME)";
				SWIFT_EMIT_LOC_STRINGS = YES;
				SWIFT_VERSION = 5.0;
				TARGETED_DEVICE_FAMILY = "1,2";
			};
			name = Release;
		};
		76270F02288558AF00F5623D /* Debug */ = {
			isa = XCBuildConfiguration;
			buildSettings = {
				ALWAYS_EMBED_SWIFT_STANDARD_LIBRARIES = YES;
				BUNDLE_LOADER = "$(TEST_HOST)";
				CODE_SIGN_STYLE = Automatic;
				CURRENT_PROJECT_VERSION = 1;
				GENERATE_INFOPLIST_FILE = YES;
				IPHONEOS_DEPLOYMENT_TARGET = 15.5;
				MARKETING_VERSION = 1.0;
				PRODUCT_BUNDLE_IDENTIFIER = cpp.StorybordPostTests;
				PRODUCT_NAME = "$(TARGET_NAME)";
				SWIFT_EMIT_LOC_STRINGS = NO;
				SWIFT_VERSION = 5.0;
				TARGETED_DEVICE_FAMILY = "1,2";
				TEST_HOST = "$(BUILT_PRODUCTS_DIR)/StorybordPost.app/StorybordPost";
			};
			name = Debug;
		};
		76270F03288558AF00F5623D /* Release */ = {
			isa = XCBuildConfiguration;
			buildSettings = {
				ALWAYS_EMBED_SWIFT_STANDARD_LIBRARIES = YES;
				BUNDLE_LOADER = "$(TEST_HOST)";
				CODE_SIGN_STYLE = Automatic;
				CURRENT_PROJECT_VERSION = 1;
				GENERATE_INFOPLIST_FILE = YES;
				IPHONEOS_DEPLOYMENT_TARGET = 15.5;
				MARKETING_VERSION = 1.0;
				PRODUCT_BUNDLE_IDENTIFIER = cpp.StorybordPostTests;
				PRODUCT_NAME = "$(TARGET_NAME)";
				SWIFT_EMIT_LOC_STRINGS = NO;
				SWIFT_VERSION = 5.0;
				TARGETED_DEVICE_FAMILY = "1,2";
				TEST_HOST = "$(BUILT_PRODUCTS_DIR)/StorybordPost.app/StorybordPost";
			};
			name = Release;
		};
		76270F05288558AF00F5623D /* Debug */ = {
			isa = XCBuildConfiguration;
			buildSettings = {
				ALWAYS_EMBED_SWIFT_STANDARD_LIBRARIES = YES;
				CODE_SIGN_STYLE = Automatic;
				CURRENT_PROJECT_VERSION = 1;
				GENERATE_INFOPLIST_FILE = YES;
				MARKETING_VERSION = 1.0;
				PRODUCT_BUNDLE_IDENTIFIER = cpp.StorybordPostUITests;
				PRODUCT_NAME = "$(TARGET_NAME)";
				SWIFT_EMIT_LOC_STRINGS = NO;
				SWIFT_VERSION = 5.0;
				TARGETED_DEVICE_FAMILY = "1,2";
				TEST_TARGET_NAME = StorybordPost;
			};
			name = Debug;
		};
		76270F06288558AF00F5623D /* Release */ = {
			isa = XCBuildConfiguration;
			buildSettings = {
				ALWAYS_EMBED_SWIFT_STANDARD_LIBRARIES = YES;
				CODE_SIGN_STYLE = Automatic;
				CURRENT_PROJECT_VERSION = 1;
				GENERATE_INFOPLIST_FILE = YES;
				MARKETING_VERSION = 1.0;
				PRODUCT_BUNDLE_IDENTIFIER = cpp.StorybordPostUITests;
				PRODUCT_NAME = "$(TARGET_NAME)";
				SWIFT_EMIT_LOC_STRINGS = NO;
				SWIFT_VERSION = 5.0;
				TARGETED_DEVICE_FAMILY = "1,2";
				TEST_TARGET_NAME = StorybordPost;
			};
			name = Release;
		};
/* End XCBuildConfiguration section */

/* Begin XCConfigurationList section */
		76270ECC288558AE00F5623D /* Build configuration list for PBXProject "StorybordPost" */ = {
			isa = XCConfigurationList;
			buildConfigurations = (
				76270EFC288558AF00F5623D /* Debug */,
				76270EFD288558AF00F5623D /* Release */,
			);
			defaultConfigurationIsVisible = 0;
			defaultConfigurationName = Release;
		};
		76270EFE288558AF00F5623D /* Build configuration list for PBXNativeTarget "StorybordPost" */ = {
			isa = XCConfigurationList;
			buildConfigurations = (
				76270EFF288558AF00F5623D /* Debug */,
				76270F00288558AF00F5623D /* Release */,
			);
			defaultConfigurationIsVisible = 0;
			defaultConfigurationName = Release;
		};
		76270F01288558AF00F5623D /* Build configuration list for PBXNativeTarget "StorybordPostTests" */ = {
			isa = XCConfigurationList;
			buildConfigurations = (
				76270F02288558AF00F5623D /* Debug */,
				76270F03288558AF00F5623D /* Release */,
			);
			defaultConfigurationIsVisible = 0;
			defaultConfigurationName = Release;
		};
		76270F04288558AF00F5623D /* Build configuration list for PBXNativeTarget "StorybordPostUITests" */ = {
			isa = XCConfigurationList;
			buildConfigurations = (
				76270F05288558AF00F5623D /* Debug */,
				76270F06288558AF00F5623D /* Release */,
			);
			defaultConfigurationIsVisible = 0;
			defaultConfigurationName = Release;
		};
/* End XCConfigurationList section */

/* Begin XCRemoteSwiftPackageReference section */
		7640AB122886D3C70031D034 /* XCRemoteSwiftPackageReference "Alamofire" */ = {
			isa = XCRemoteSwiftPackageReference;
			repositoryURL = "https://github.com/Alamofire/Alamofire";
			requirement = {
				branch = master;
				kind = branch;
			};
		};
		7640AB182886D48A0031D034 /* XCRemoteSwiftPackageReference "JGProgressHUD" */ = {
			isa = XCRemoteSwiftPackageReference;
			repositoryURL = "https://github.com/JonasGessner/JGProgressHUD.git";
			requirement = {
				kind = upToNextMajorVersion;
				minimumVersion = 2.0.0;
			};
		};
/* End XCRemoteSwiftPackageReference section */

/* Begin XCSwiftPackageProductDependency section */
		7640AB132886D3C70031D034 /* Alamofire */ = {
			isa = XCSwiftPackageProductDependency;
			package = 7640AB122886D3C70031D034 /* XCRemoteSwiftPackageReference "Alamofire" */;
			productName = Alamofire;
		};
		7640AB192886D48A0031D034 /* JGProgressHUD */ = {
			isa = XCSwiftPackageProductDependency;
			package = 7640AB182886D48A0031D034 /* XCRemoteSwiftPackageReference "JGProgressHUD" */;
			productName = JGProgressHUD;
		};
/* End XCSwiftPackageProductDependency section */

/* Begin XCVersionGroup section */
		76270EDD288558AE00F5623D /* StorybordPost.xcdatamodeld */ = {
			isa = XCVersionGroup;
			children = (
				76270EDE288558AE00F5623D /* StorybordPost.xcdatamodel */,
			);
			currentVersion = 76270EDE288558AE00F5623D /* StorybordPost.xcdatamodel */;
			path = StorybordPost.xcdatamodeld;
			sourceTree = "<group>";
			versionGroupType = wrapper.xcdatamodel;
		};
/* End XCVersionGroup section */
	};
	rootObject = 76270EC9288558AE00F5623D /* Project object */;
}
